
Microsoft Visual Studio Solution File, Format Version 12.00
# Visual Studio Version 17
VisualStudioVersion = 17.11.35312.102
MinimumVisualStudioVersion = 10.0.40219.1
Project("{FAE04EC0-301F-11D3-BF4B-00C04F79EFBC}") = "Inlamning 3 Prague Parking V2", "Spectre Console test\Inlamning 3 Prague Parking V2.csproj", "{17C86F50-7041-45EB-BF6F-A7D5342022A1}"
EndProject
Global
	GlobalSection(SolutionConfigurationPlatforms) = preSolution
		Debug|Any CPU = Debug|Any CPU
		Release|Any CPU = Release|Any CPU
	EndGlobalSection
	GlobalSection(ProjectConfigurationPlatforms) = postSolution
		{17C86F50-7041-45EB-BF6F-A7D5342022A1}.Debug|Any CPU.ActiveCfg = Debug|Any CPU
		{17C86F50-7041-45EB-BF6F-A7D5342022A1}.Debug|Any CPU.Build.0 = Debug|Any CPU
		{17C86F50-7041-45EB-BF6F-A7D5342022A1}.Release|Any CPU.ActiveCfg = Release|Any CPU
		{17C86F50-7041-45EB-BF6F-A7D5342022A1}.Release|Any CPU.Build.0 = Release|Any CPU
	EndGlobalSection
	GlobalSection(SolutionProperties) = preSolution
		HideSolutionNode = FALSE
	EndGlobalSection
	GlobalSection(ExtensibilityGlobals) = postSolution
		SolutionGuid = {633B1A9E-DFF4-4DDC-8E91-51EC2EFFACB1}
	EndGlobalSection
EndGlobal
